
Microsoft Visual Studio Solution File, Format Version 12.00
# Visual Studio Version 16
VisualStudioVersion = 16.0.29613.14
MinimumVisualStudioVersion = 10.0.40219.1
Project("{FAE04EC0-301F-11D3-BF4B-00C04F79EFBC}") = "Abrahams.SnippetLibrary.WPF", "Abrahams.SnippetLibrary.WPF\Abrahams.SnippetLibrary.WPF.csproj", "{89EAA444-894B-4C21-8BF6-DC7A0D3E2EFC}"
EndProject
Project("{FAE04EC0-301F-11D3-BF4B-00C04F79EFBC}") = "Abrahams.SnippetLibrary", "Abrahams.SnippetLibrary\Abrahams.SnippetLibrary.csproj", "{A46DDF85-4E5D-4BBB-A5EF-39084096A5CD}"
EndProject
Project("{FAE04EC0-301F-11D3-BF4B-00C04F79EFBC}") = "Abrahams.SnippetLibrary.DAL", "Abrahams.SnippetLibrary.DAL\Abrahams.SnippetLibrary.DAL.csproj", "{39175FA9-0A45-4F3C-AE3E-8B8A787B5D9C}"
EndProject
Project("{FAE04EC0-301F-11D3-BF4B-00C04F79EFBC}") = "Abrahams.SnippetLibrary.DomainModel", "Abrahams.SnippetLibrary.DomainModel\Abrahams.SnippetLibrary.DomainModel.csproj", "{1A522565-ED3F-4945-9BAD-E58545C95DA1}"
EndProject
Project("{FAE04EC0-301F-11D3-BF4B-00C04F79EFBC}") = "Abrahams.SnippetLibrary.Test", "Abrahams.SnippetLibrary.Test\Abrahams.SnippetLibrary.Test.csproj", "{FEFF2EF7-25F1-4897-A1B7-54854FC1B696}"
EndProject
Project("{2150E333-8FDC-42A3-9474-1A3956D46DE8}") = "Solution Items", "Solution Items", "{920C37D9-1F53-494A-AC68-F3AD4C49C2E2}"
	ProjectSection(SolutionItems) = preProject
		.editorconfig = .editorconfig
	EndProjectSection
EndProject
Project("{FAE04EC0-301F-11D3-BF4B-00C04F79EFBC}") = "Abrahams.SnippetLibrary.WPF.Modules.SnippetLibrary", "Abrahams.SnippetLibrary.WPF.Modules.SnippetLibrary\Abrahams.SnippetLibrary.WPF.Modules.SnippetLibrary.csproj", "{08D35329-90B7-482F-AD14-09DF617192D7}"
EndProject
Global
	GlobalSection(SolutionConfigurationPlatforms) = preSolution
		Debug|Any CPU = Debug|Any CPU
		Release|Any CPU = Release|Any CPU
	EndGlobalSection
	GlobalSection(ProjectConfigurationPlatforms) = postSolution
		{89EAA444-894B-4C21-8BF6-DC7A0D3E2EFC}.Debug|Any CPU.ActiveCfg = Debug|Any CPU
		{89EAA444-894B-4C21-8BF6-DC7A0D3E2EFC}.Debug|Any CPU.Build.0 = Debug|Any CPU
		{89EAA444-894B-4C21-8BF6-DC7A0D3E2EFC}.Release|Any CPU.ActiveCfg = Release|Any CPU
		{89EAA444-894B-4C21-8BF6-DC7A0D3E2EFC}.Release|Any CPU.Build.0 = Release|Any CPU
		{A46DDF85-4E5D-4BBB-A5EF-39084096A5CD}.Debug|Any CPU.ActiveCfg = Debug|Any CPU
		{A46DDF85-4E5D-4BBB-A5EF-39084096A5CD}.Debug|Any CPU.Build.0 = Debug|Any CPU
		{A46DDF85-4E5D-4BBB-A5EF-39084096A5CD}.Release|Any CPU.ActiveCfg = Release|Any CPU
		{A46DDF85-4E5D-4BBB-A5EF-39084096A5CD}.Release|Any CPU.Build.0 = Release|Any CPU
		{39175FA9-0A45-4F3C-AE3E-8B8A787B5D9C}.Debug|Any CPU.ActiveCfg = Debug|Any CPU
		{39175FA9-0A45-4F3C-AE3E-8B8A787B5D9C}.Debug|Any CPU.Build.0 = Debug|Any CPU
		{39175FA9-0A45-4F3C-AE3E-8B8A787B5D9C}.Release|Any CPU.ActiveCfg = Release|Any CPU
		{39175FA9-0A45-4F3C-AE3E-8B8A787B5D9C}.Release|Any CPU.Build.0 = Release|Any CPU
		{1A522565-ED3F-4945-9BAD-E58545C95DA1}.Debug|Any CPU.ActiveCfg = Debug|Any CPU
		{1A522565-ED3F-4945-9BAD-E58545C95DA1}.Debug|Any CPU.Build.0 = Debug|Any CPU
		{1A522565-ED3F-4945-9BAD-E58545C95DA1}.Release|Any CPU.ActiveCfg = Release|Any CPU
		{1A522565-ED3F-4945-9BAD-E58545C95DA1}.Release|Any CPU.Build.0 = Release|Any CPU
		{FEFF2EF7-25F1-4897-A1B7-54854FC1B696}.Debug|Any CPU.ActiveCfg = Debug|Any CPU
		{FEFF2EF7-25F1-4897-A1B7-54854FC1B696}.Debug|Any CPU.Build.0 = Debug|Any CPU
		{FEFF2EF7-25F1-4897-A1B7-54854FC1B696}.Release|Any CPU.ActiveCfg = Release|Any CPU
		{FEFF2EF7-25F1-4897-A1B7-54854FC1B696}.Release|Any CPU.Build.0 = Release|Any CPU
		{08D35329-90B7-482F-AD14-09DF617192D7}.Debug|Any CPU.ActiveCfg = Debug|Any CPU
		{08D35329-90B7-482F-AD14-09DF617192D7}.Debug|Any CPU.Build.0 = Debug|Any CPU
		{08D35329-90B7-482F-AD14-09DF617192D7}.Release|Any CPU.ActiveCfg = Release|Any CPU
		{08D35329-90B7-482F-AD14-09DF617192D7}.Release|Any CPU.Build.0 = Release|Any CPU
	EndGlobalSection
	GlobalSection(SolutionProperties) = preSolution
		HideSolutionNode = FALSE
	EndGlobalSection
	GlobalSection(ExtensibilityGlobals) = postSolution
		SolutionGuid = {CAA60D24-95A1-4059-A12F-44C3C8BF4B6E}
	EndGlobalSection
EndGlobal
